# THIS IS AN AUTOGENERATED FILE. DO NOT EDIT THIS FILE DIRECTLY.
# yarn lockfile v1


"@rami-sabbagh/ts-inject-parameters-metadata@^1.1.0":
  version "1.1.0"
  resolved "https://registry.yarnpkg.com/@rami-sabbagh/ts-inject-parameters-metadata/-/ts-inject-parameters-metadata-1.1.0.tgz#b40fc256a12f24e7766aa6a79beb10b4649d4f50"
  integrity sha512-r2zvE5I6MhJD3axMwFlM+GX4PAsui3MIlZpD5MJSuYGaeoiZYDSI5+aCVm79tnZN1vjCx4KP8XLnD95TX1g+WA==

"@typescript-to-lua/language-extensions@1.0.0":
  version "1.0.0"
  resolved "https://registry.yarnpkg.com/@typescript-to-lua/language-extensions/-/language-extensions-1.0.0.tgz#fad73b01c21ace67abbd1477cd2b1f8b3ce7287b"
  integrity sha512-GtmhFqyg+txpGgGLM3mlS3R6AEG9MQhKALxxcbr6SBzg9u7YAXcPKqUBaBYd6nH+Pi/eQLcWz4BNOLhz8v4TjQ==

enhanced-resolve@^5.8.2:
  version "5.10.0"
  resolved "https://registry.yarnpkg.com/enhanced-resolve/-/enhanced-resolve-5.10.0.tgz#0dc579c3bb2a1032e357ac45b8f3a6f3ad4fb1e6"
  integrity sha512-T0yTFjdpldGY8PmuXXR0PyQ1ufZpEGiHVrp7zHKB7jdR4qlmZHhONVM5AQOAWXuF/w3dnHbEQVrNptJgt7F+cQ==
  dependencies:
    graceful-fs "^4.2.4"
    tapable "^2.2.0"

function-bind@^1.1.1:
  version "1.1.1"
  resolved "https://registry.yarnpkg.com/function-bind/-/function-bind-1.1.1.tgz#a56899d3ea3c9bab874bb9773b7c5ede92f4895d"
  integrity sha512-yIovAzMX49sF8Yl58fSCWJ5svSLuaibPxXQJFLmBObTuCr0Mf1KiPopGM9NiFjiYBCbfaa2Fh6breQ6ANVTI0A==

graceful-fs@^4.2.4:
  version "4.2.10"
  resolved "https://registry.yarnpkg.com/graceful-fs/-/graceful-fs-4.2.10.tgz#147d3a006da4ca3ce14728c7aefc287c367d7a6c"
  integrity sha512-9ByhssR2fPVsNZj478qUUbKfmL0+t5BDVyjShtyZZLiK7ZDAArFFfopyOTj0M05wE2tJPisA4iTnnXl2YoPvOA==

has@^1.0.3:
  version "1.0.3"
  resolved "https://registry.yarnpkg.com/has/-/has-1.0.3.tgz#722d7cbfc1f6aa8241f16dd814e011e1f41e8796"
  integrity sha512-f2dvO0VU6Oej7RkWJGrehjbzMAjFp5/VKPp5tTpWIV4JHHZK1/BxbFRtf/siA2SWTe09caDmVtYYzWEIbBS4zw==
  dependencies:
    function-bind "^1.1.1"

is-core-module@^2.9.0:
  version "2.10.0"
  resolved "https://registry.yarnpkg.com/is-core-module/-/is-core-module-2.10.0.tgz#9012ede0a91c69587e647514e1d5277019e728ed"
  integrity sha512-Erxj2n/LDAZ7H8WNJXd9tw38GYM3dv8rk8Zcs+jJuxYTW7sozH+SS8NtrSjVL1/vpLvWi1hxy96IzjJ3EHTJJg==
  dependencies:
    has "^1.0.3"

love-typescript-definitions@^0.24.3:
  version "0.24.3"
  resolved "https://registry.yarnpkg.com/love-typescript-definitions/-/love-typescript-definitions-0.24.3.tgz#64ef033361fba84e67e94d2b3876f4cb325ea607"
  integrity sha512-S3x747fXbDafJJQtug39aj8ADWWwG6WIOXPtS6WLYpyVUvVxrbeapkXrig1CxpPUulr2KTChoNIVNPumCHiKeg==

lua-types@^2.13.0:
  version "2.13.0"
  resolved "https://registry.yarnpkg.com/lua-types/-/lua-types-2.13.0.tgz#b76b2d56cfba7e649fb57498f1e60cec4accdb8c"
  integrity sha512-wra+mIPZlcbm8bYoM6QutEwTOAjZ9KyKMiaidGeZ+QJItIAK9hwG+1I6GCDKnW0T9E/Xv2IoTFtZwxQv4zAIJw==

path-parse@^1.0.7:
  version "1.0.7"
  resolved "https://registry.yarnpkg.com/path-parse/-/path-parse-1.0.7.tgz#fbc114b60ca42b30d9daf5858e4bd68bbedb6735"
  integrity sha512-LDJzPVEEEPR+y48z93A0Ed0yXb8pAByGWo/k5YYdYgpY2/2EsOsksJrq7lOHxryrVOn1ejG6oAp8ahvOIQD8sw==

resolve@^1.15.1:
  version "1.22.1"
  resolved "https://registry.yarnpkg.com/resolve/-/resolve-1.22.1.tgz#27cb2ebb53f91abb49470a928bba7558066ac177"
  integrity sha512-nBpuuYuY5jFsli/JIs1oldw6fOQCBioohqWZg/2hiaOybXOft4lonv85uDOKXdf8rhyK159cxU5cDcK/NKk8zw==
  dependencies:
    is-core-module "^2.9.0"
    path-parse "^1.0.7"
    supports-preserve-symlinks-flag "^1.0.0"

source-map@^0.7.3:
  version "0.7.4"
  resolved "https://registry.yarnpkg.com/source-map/-/source-map-0.7.4.tgz#a9bbe705c9d8846f4e08ff6765acf0f1b0898656"
  integrity sha512-l3BikUxvPOcn5E74dZiq5BGsTb5yEwhaTSzccU6t4sDOH8NWJCstKO5QT2CvtFoK6F0saL7p9xHAqHOlCPJygA==

supports-preserve-symlinks-flag@^1.0.0:
  version "1.0.0"
  resolved "https://registry.yarnpkg.com/supports-preserve-symlinks-flag/-/supports-preserve-symlinks-flag-1.0.0.tgz#6eda4bd344a3c94aea376d4cc31bc77311039e09"
  integrity sha512-ot0WnXS9fgdkgIcePe6RHNk1WA8+muPa6cSjeR3V8K27q9BB1rTE3R1p7Hv0z1ZyAc8s6Vvv8DIyWf681MAt0w==

tapable@^2.2.0:
  version "2.2.1"
  resolved "https://registry.yarnpkg.com/tapable/-/tapable-2.2.1.tgz#1967a73ef4060a82f12ab96af86d52fdb76eeca0"
  integrity sha512-GNzQvQTOIP6RyTfE2Qxb8ZVlNmw0n88vp1szwWRimP02mnTsx3Wtn5qRdqY9w2XduFNUgvOwhNnQsjwCp+kqaQ==

typescript-to-lua@^1.10.1:
  version "1.10.1"
  resolved "https://registry.yarnpkg.com/typescript-to-lua/-/typescript-to-lua-1.10.1.tgz#0046d88237dcc013e69441df1734d881168a32bf"
  integrity sha512-R6KQc1YzFcejyaZ9tAvVK0MFTlRS1b10vON5sxjtGVSUWl+W4KRLik0LDCgKfI0wnDQH+LNVnKBNUsBfTtEoQQ==
  dependencies:
    "@typescript-to-lua/language-extensions" "1.0.0"
    enhanced-resolve "^5.8.2"
    resolve "^1.15.1"
    source-map "^0.7.3"

typescript@^4.8.4:
  version "4.8.4"
  resolved "https://registry.yarnpkg.com/typescript/-/typescript-4.8.4.tgz#c464abca159669597be5f96b8943500b238e60e6"
  integrity sha512-QCh+85mCy+h0IGff8r5XWzOVSbBO+KfeYrMQh7NJ58QujwcE22u+NUSmUxqF+un70P9GXKxa2HCNiTTMJknyjQ==
